
Microsoft Visual Studio Solution File, Format Version 12.00
# Visual Studio 2012
Project("{FAE04EC0-301F-11D3-BF4B-00C04F79EFBC}") = "Breakout", "Breakout\Breakout.csproj", "{081E4745-DB90-4D18-B6D3-B1D3B3301C3D}"
EndProject
Global
	GlobalSection(SolutionConfigurationPlatforms) = preSolution
		Debug|Any CPU = Debug|Any CPU
		Release|Any CPU = Release|Any CPU
	EndGlobalSection
	GlobalSection(ProjectConfigurationPlatforms) = postSolution
		{081E4745-DB90-4D18-B6D3-B1D3B3301C3D}.Debug|Any CPU.ActiveCfg = Debug|Any CPU
		{081E4745-DB90-4D18-B6D3-B1D3B3301C3D}.Debug|Any CPU.Build.0 = Debug|Any CPU
		{081E4745-DB90-4D18-B6D3-B1D3B3301C3D}.Release|Any CPU.ActiveCfg = Release|Any CPU
		{081E4745-DB90-4D18-B6D3-B1D3B3301C3D}.Release|Any CPU.Build.0 = Release|Any CPU
	EndGlobalSection
	GlobalSection(SolutionProperties) = preSolution
		HideSolutionNode = FALSE
	EndGlobalSection
EndGlobal
