
Microsoft Visual Studio Solution File, Format Version 11.00
# Visual Studio 2010
Project("{FAE04EC0-301F-11D3-BF4B-00C04F79EFBC}") = "FileReadWrite", "FileReadWrite\FileReadWrite.csproj", "{79D5607D-529F-416D-82A8-6C47660E43E5}"
EndProject
Global
	GlobalSection(SolutionConfigurationPlatforms) = preSolution
		Debug|x86 = Debug|x86
		Release|x86 = Release|x86
	EndGlobalSection
	GlobalSection(ProjectConfigurationPlatforms) = postSolution
		{79D5607D-529F-416D-82A8-6C47660E43E5}.Debug|x86.ActiveCfg = Debug|x86
		{79D5607D-529F-416D-82A8-6C47660E43E5}.Debug|x86.Build.0 = Debug|x86
		{79D5607D-529F-416D-82A8-6C47660E43E5}.Release|x86.ActiveCfg = Release|x86
		{79D5607D-529F-416D-82A8-6C47660E43E5}.Release|x86.Build.0 = Release|x86
	EndGlobalSection
	GlobalSection(SolutionProperties) = preSolution
		HideSolutionNode = FALSE
	EndGlobalSection
EndGlobal
